
Microsoft Visual Studio Solution File, Format Version 12.00
# Visual Studio Version 16
VisualStudioVersion = 16.0.29806.167
MinimumVisualStudioVersion = 10.0.40219.1
Project("{FAE04EC0-301F-11D3-BF4B-00C04F79EFBC}") = "AuthorsAPIHomework", "AuthorsAPIHomework\AuthorsAPIHomework.csproj", "{1F5D08B0-459E-4482-956F-CD6B4E7A06BF}"
EndProject
Global
	GlobalSection(SolutionConfigurationPlatforms) = preSolution
		Debug|Any CPU = Debug|Any CPU
		Release|Any CPU = Release|Any CPU
	EndGlobalSection
	GlobalSection(ProjectConfigurationPlatforms) = postSolution
		{1F5D08B0-459E-4482-956F-CD6B4E7A06BF}.Debug|Any CPU.ActiveCfg = Debug|Any CPU
		{1F5D08B0-459E-4482-956F-CD6B4E7A06BF}.Debug|Any CPU.Build.0 = Debug|Any CPU
		{1F5D08B0-459E-4482-956F-CD6B4E7A06BF}.Release|Any CPU.ActiveCfg = Release|Any CPU
		{1F5D08B0-459E-4482-956F-CD6B4E7A06BF}.Release|Any CPU.Build.0 = Release|Any CPU
	EndGlobalSection
	GlobalSection(SolutionProperties) = preSolution
		HideSolutionNode = FALSE
	EndGlobalSection
	GlobalSection(ExtensibilityGlobals) = postSolution
		SolutionGuid = {6FE9CF44-6125-4408-ACF0-67CF656642B8}
	EndGlobalSection
EndGlobal
